
Microsoft Visual Studio Solution File, Format Version 12.00
# Visual Studio Version 17
VisualStudioVersion = 17.0.31903.59
MinimumVisualStudioVersion = 10.0.40219.1
Project("{FAE04EC0-301F-11D3-BF4B-00C04F79EFBC}") = "CelticCode", "CelticCode\CelticCode.csproj", "{BA9D6475-7451-45BC-ACCC-1FEB14BD871F}"
EndProject
Global
	GlobalSection(SolutionConfigurationPlatforms) = preSolution
		Debug|Any CPU = Debug|Any CPU
		Release|Any CPU = Release|Any CPU
	EndGlobalSection
	GlobalSection(SolutionProperties) = preSolution
		HideSolutionNode = FALSE
	EndGlobalSection
	GlobalSection(ProjectConfigurationPlatforms) = postSolution
		{3CD98DF5-882E-44F7-815A-EFDF8616D37F}.Debug|Any CPU.ActiveCfg = Debug|Any CPU
		{3CD98DF5-882E-44F7-815A-EFDF8616D37F}.Debug|Any CPU.Build.0 = Debug|Any CPU
		{3CD98DF5-882E-44F7-815A-EFDF8616D37F}.Release|Any CPU.ActiveCfg = Release|Any CPU
		{3CD98DF5-882E-44F7-815A-EFDF8616D37F}.Release|Any CPU.Build.0 = Release|Any CPU
		{BA9D6475-7451-45BC-ACCC-1FEB14BD871F}.Debug|Any CPU.ActiveCfg = Debug|Any CPU
		{BA9D6475-7451-45BC-ACCC-1FEB14BD871F}.Debug|Any CPU.Build.0 = Debug|Any CPU
		{BA9D6475-7451-45BC-ACCC-1FEB14BD871F}.Release|Any CPU.ActiveCfg = Release|Any CPU
		{BA9D6475-7451-45BC-ACCC-1FEB14BD871F}.Release|Any CPU.Build.0 = Release|Any CPU
		{570BA813-35F0-466C-BCC2-4682C745DD8C}.Debug|Any CPU.ActiveCfg = Debug|Any CPU
		{570BA813-35F0-466C-BCC2-4682C745DD8C}.Debug|Any CPU.Build.0 = Debug|Any CPU
		{570BA813-35F0-466C-BCC2-4682C745DD8C}.Release|Any CPU.ActiveCfg = Release|Any CPU
		{570BA813-35F0-466C-BCC2-4682C745DD8C}.Release|Any CPU.Build.0 = Release|Any CPU
		{3BA070C8-4153-4050-BE74-B6A077EDF79F}.Debug|Any CPU.ActiveCfg = Debug|Any CPU
		{3BA070C8-4153-4050-BE74-B6A077EDF79F}.Debug|Any CPU.Build.0 = Debug|Any CPU
		{3BA070C8-4153-4050-BE74-B6A077EDF79F}.Release|Any CPU.ActiveCfg = Release|Any CPU
		{3BA070C8-4153-4050-BE74-B6A077EDF79F}.Release|Any CPU.Build.0 = Release|Any CPU
		{48FE704D-AD91-4309-88C1-EC69F1D9A219}.Debug|Any CPU.ActiveCfg = Debug|Any CPU
		{48FE704D-AD91-4309-88C1-EC69F1D9A219}.Debug|Any CPU.Build.0 = Debug|Any CPU
		{48FE704D-AD91-4309-88C1-EC69F1D9A219}.Release|Any CPU.ActiveCfg = Release|Any CPU
		{48FE704D-AD91-4309-88C1-EC69F1D9A219}.Release|Any CPU.Build.0 = Release|Any CPU
		{C7AFB036-9929-4B91-B542-A6639EC5949E}.Debug|Any CPU.ActiveCfg = Debug|Any CPU
		{C7AFB036-9929-4B91-B542-A6639EC5949E}.Debug|Any CPU.Build.0 = Debug|Any CPU
		{C7AFB036-9929-4B91-B542-A6639EC5949E}.Release|Any CPU.ActiveCfg = Release|Any CPU
		{C7AFB036-9929-4B91-B542-A6639EC5949E}.Release|Any CPU.Build.0 = Release|Any CPU
	EndGlobalSection
EndGlobal
